
Microsoft Visual Studio Solution File, Format Version 12.00
# Visual Studio Version 17
VisualStudioVersion = 17.6.33723.286
MinimumVisualStudioVersion = 10.0.40219.1
Project("{9A19103F-16F7-4668-BE54-9A1E7A4F7556}") = "GestionaleHR", "GestionaleHR\GestionaleHR.csproj", "{01DDFCEC-B2C8-4C03-AC03-12726B60F7FA}"
EndProject
Project("{9A19103F-16F7-4668-BE54-9A1E7A4F7556}") = "APIGestionale", "APIGestionale\APIGestionale.csproj", "{7FE4C10E-0EBF-4DEF-9A8B-087D7577567C}"
EndProject
Global
	GlobalSection(SolutionConfigurationPlatforms) = preSolution
		Debug|Any CPU = Debug|Any CPU
		Release|Any CPU = Release|Any CPU
	EndGlobalSection
	GlobalSection(ProjectConfigurationPlatforms) = postSolution
		{01DDFCEC-B2C8-4C03-AC03-12726B60F7FA}.Debug|Any CPU.ActiveCfg = Debug|Any CPU
		{01DDFCEC-B2C8-4C03-AC03-12726B60F7FA}.Debug|Any CPU.Build.0 = Debug|Any CPU
		{01DDFCEC-B2C8-4C03-AC03-12726B60F7FA}.Release|Any CPU.ActiveCfg = Release|Any CPU
		{01DDFCEC-B2C8-4C03-AC03-12726B60F7FA}.Release|Any CPU.Build.0 = Release|Any CPU
		{7FE4C10E-0EBF-4DEF-9A8B-087D7577567C}.Debug|Any CPU.ActiveCfg = Debug|Any CPU
		{7FE4C10E-0EBF-4DEF-9A8B-087D7577567C}.Debug|Any CPU.Build.0 = Debug|Any CPU
		{7FE4C10E-0EBF-4DEF-9A8B-087D7577567C}.Release|Any CPU.ActiveCfg = Release|Any CPU
		{7FE4C10E-0EBF-4DEF-9A8B-087D7577567C}.Release|Any CPU.Build.0 = Release|Any CPU
	EndGlobalSection
	GlobalSection(SolutionProperties) = preSolution
		HideSolutionNode = FALSE
	EndGlobalSection
	GlobalSection(ExtensibilityGlobals) = postSolution
		SolutionGuid = {8E9669AB-72EB-41C4-BA18-05D9071F9A1E}
	EndGlobalSection
EndGlobal
